{
  "name": "dwz-back",
  "version": "1.0.0",
  "lockfileVersion": 1,
  "dependencies": {
    "accepts": {
      "version": "1.3.5",
      "resolved": "https://repo.ekuaibao.com/repository/npm-group/accepts/-/accepts-1.3.5.tgz",
      "integrity": "sha1-63d99gEXI6OxTopywIBcjoZ0a9I="
    },
    "adler-32": {
      "version": "1.2.0",
      "resolved": "https://repo.ekuaibao.com/repository/npm-group/adler-32/-/adler-32-1.2.0.tgz",
      "integrity": "sha1-aj5r8KY5ALoVZSgIyxXGgT0aXyU="
    },
    "any-promise": {
      "version": "1.3.0",
      "resolved": "https://repo.ekuaibao.com/repository/npm-group/any-promise/-/any-promise-1.3.0.tgz",
      "integrity": "sha1-q8av7tzqUugJzcA3au0845Y10X8="
    },
    "append-field": {
      "version": "0.1.0",
      "resolved": "https://repo.ekuaibao.com/repository/npm-group/append-field/-/append-field-0.1.0.tgz",
      "integrity": "sha1-bdxY+gg8e8VF08WZWygwzCNm1Eo="
    },
    "bignumber.js": {
      "version": "4.0.4",
      "resolved": "https://repo.ekuaibao.com/repository/npm-group/bignumber.js/-/bignumber.js-4.0.4.tgz",
      "integrity": "sha512-LDXpJKVzEx2/OqNbG9mXBNvHuiRL4PzHCGfnANHMJ+fv68Ads3exDVJeGDJws+AoNEuca93bU3q+S0woeUaCdg=="
    },
    "buffer-from": {
      "version": "1.1.0",
      "resolved": "https://repo.ekuaibao.com/repository/npm-group/buffer-from/-/buffer-from-1.1.0.tgz",
      "integrity": "sha512-c5mRlguI/Pe2dSZmpER62rSCu0ryKmWddzRYsuXc50U2/g8jMOulc31VZMa4mYx31U5xsmSOpDCgH88Vl9cDGQ=="
    },
    "busboy": {
      "version": "0.2.14",
      "resolved": "https://repo.ekuaibao.com/repository/npm-group/busboy/-/busboy-0.2.14.tgz",
      "integrity": "sha1-bCpiLvz0fFe7vh4qnDetNseSVFM="
    },
    "bytes": {
      "version": "3.0.0",
      "resolved": "https://repo.ekuaibao.com/repository/npm-group/bytes/-/bytes-3.0.0.tgz",
      "integrity": "sha1-0ygVQE1olpn4Wk6k+odV3ROpYEg="
    },
    "cfb": {
      "version": "1.0.7",
      "resolved": "https://repo.ekuaibao.com/repository/npm-group/cfb/-/cfb-1.0.7.tgz",
      "integrity": "sha512-KjjZFR+a/e8RDdDTr4PwR0P/HIFRI3sxArFQttml0pFkhIO4TnvS/1+dqtGXPqe5/0MHp2IzjFx1JTzmohHT+w=="
    },
    "co": {
      "version": "4.6.0",
      "resolved": "https://repo.ekuaibao.com/repository/npm-group/co/-/co-4.6.0.tgz",
      "integrity": "sha1-bqa989hTrlTMuOR7+gvz+QMfsYQ="
    },
    "co-body": {
      "version": "6.0.0",
      "resolved": "https://repo.ekuaibao.com/repository/npm-group/co-body/-/co-body-6.0.0.tgz",
      "integrity": "sha512-9ZIcixguuuKIptnY8yemEOuhb71L/lLf+Rl5JfJEUiDNJk0e02MBt7BPxR2GEh5mw8dPthQYR4jPI/BnS1MQgw=="
    },
    "codepage": {
      "version": "1.13.1",
      "resolved": "https://repo.ekuaibao.com/repository/npm-group/codepage/-/codepage-1.13.1.tgz",
      "integrity": "sha512-KnY6cQlgkfBjplnQkLk3M5KEfAKa7i9SMqXp+bMuy2/bgYovvU4LDAQvkMaoScwhvozA9VUtgnbS4Z8f7zVA8w==",
      "dependencies": {
        "commander": {
          "version": "2.14.1",
          "resolved": "https://repo.ekuaibao.com/repository/npm-group/commander/-/commander-2.14.1.tgz",
          "integrity": "sha512-+YR16o3rK53SmWHU3rEM3tPAh2rwb1yPcQX5irVn7mb0gXbwuCCrnkbV5+PBfETdfg1vui07nM6PCG1zndcjQw=="
        }
      }
    },
    "commander": {
      "version": "2.15.1",
      "resolved": "https://repo.ekuaibao.com/repository/npm-group/commander/-/commander-2.15.1.tgz",
      "integrity": "sha512-VlfT9F3V0v+jr4yxPc5gg9s62/fIVWsd2Bk2iD435um1NlGMYdVCq+MjcXnhYq2icNOizHr1kK+5TI6H0Hy0ag=="
    },
    "concat-stream": {
      "version": "1.6.2",
      "resolved": "https://repo.ekuaibao.com/repository/npm-group/concat-stream/-/concat-stream-1.6.2.tgz",
      "integrity": "sha512-27HBghJxjiZtIk3Ycvn/4kbJk/1uZuJFfuPEns6LaEvpvG1f0hTea8lilrouyo9mVc2GWdcEZ8OLoGmSADlrCw==",
      "dependencies": {
        "isarray": {
          "version": "1.0.0",
          "resolved": "https://repo.ekuaibao.com/repository/npm-group/isarray/-/isarray-1.0.0.tgz",
          "integrity": "sha1-u5NdSFgsuhaMBoNJV6VKPgcSTxE="
        },
        "readable-stream": {
          "version": "2.3.6",
          "resolved": "https://repo.ekuaibao.com/repository/npm-group/readable-stream/-/readable-stream-2.3.6.tgz",
          "integrity": "sha512-tQtKA9WIAhBF3+VLAseyMqZeBjW0AHJoxOtYqSUZNJxauErmLbVm2FW1y+J/YA9dUrAC39ITejlZWhVIwawkKw=="
        },
        "string_decoder": {
          "version": "1.1.1",
          "resolved": "https://repo.ekuaibao.com/repository/npm-group/string_decoder/-/string_decoder-1.1.1.tgz",
          "integrity": "sha512-n/ShnvDi6FHbbVfviro+WojiFzv+s8MPMHBczVePfUpDJLwoLT0ht1l4YwBCbi8pJAveEEdnkHyPyTP/mzRfwg=="
        }
      }
    },
    "content-disposition": {
      "version": "0.5.2",
      "resolved": "https://repo.ekuaibao.com/repository/npm-group/content-disposition/-/content-disposition-0.5.2.tgz",
      "integrity": "sha1-DPaLud318r55YcOoUXjLhdunjLQ="
    },
    "content-type": {
      "version": "1.0.4",
      "resolved": "https://repo.ekuaibao.com/repository/npm-group/content-type/-/content-type-1.0.4.tgz",
      "integrity": "sha512-hIP3EEPs8tB9AT1L+NUqtwOAps4mk2Zob89MWXMHjHWg9milF/j4osnnQLXBCBFBk/tvIG/tUc9mOUJiPBhPXA=="
    },
    "cookies": {
      "version": "0.7.1",
      "resolved": "https://repo.ekuaibao.com/repository/npm-group/cookies/-/cookies-0.7.1.tgz",
      "integrity": "sha1-fIphX1SBxhq58WyDNzG8uPZjuZs="
    },
    "copy-to": {
      "version": "2.0.1",
      "resolved": "https://repo.ekuaibao.com/repository/npm-group/copy-to/-/copy-to-2.0.1.tgz",
      "integrity": "sha1-JoD7uAaKSNCGVrYJgJK9r8kG9KU="
    },
    "core-util-is": {
      "version": "1.0.2",
      "resolved": "https://repo.ekuaibao.com/repository/npm-group/core-util-is/-/core-util-is-1.0.2.tgz",
      "integrity": "sha1-tf1UIgqivFq1eqtxQMlAdUUDwac="
    },
    "crc-32": {
      "version": "1.2.0",
      "resolved": "https://repo.ekuaibao.com/repository/npm-group/crc-32/-/crc-32-1.2.0.tgz",
      "integrity": "sha512-1uBwHxF+Y/4yF5G48fwnKq6QsIXheor3ZLPT80yGBV1oEUwpPojlEhQbWKVw1VwcTQyMGHK1/XMmTjmlsmTTGA=="
    },
    "debug": {
      "version": "3.1.0",
      "resolved": "https://repo.ekuaibao.com/repository/npm-group/debug/-/debug-3.1.0.tgz",
      "integrity": "sha512-OX8XqP7/1a9cqkxYw2yXss15f26NKWBpDXQd0/uK/KPqdQhxbPa994hnzjcE2VqQpDslf55723cKPUOGSmMY3g=="
    },
    "deep-equal": {
      "version": "1.0.1",
      "resolved": "https://repo.ekuaibao.com/repository/npm-group/deep-equal/-/deep-equal-1.0.1.tgz",
      "integrity": "sha1-9dJgKStmDghO/0zbyfCK0yR0SLU="
    },
    "delegates": {
      "version": "1.0.0",
      "resolved": "https://repo.ekuaibao.com/repository/npm-group/delegates/-/delegates-1.0.0.tgz",
      "integrity": "sha1-hMbhWbgZBP3KWaDvRM2HDTElD5o="
    },
    "depd": {
      "version": "1.1.2",
      "resolved": "https://repo.ekuaibao.com/repository/npm-group/depd/-/depd-1.1.2.tgz",
      "integrity": "sha1-m81S4UwJd2PnSbJ0xDRu0uVgtak="
    },
    "destroy": {
      "version": "1.0.4",
      "resolved": "https://repo.ekuaibao.com/repository/npm-group/destroy/-/destroy-1.0.4.tgz",
      "integrity": "sha1-l4hXRCxEdJ5CBmE+N5RiBYJqvYA="
    },
    "dicer": {
      "version": "0.2.5",
      "resolved": "https://repo.ekuaibao.com/repository/npm-group/dicer/-/dicer-0.2.5.tgz",
      "integrity": "sha1-WZbAhrszIYyBLAkL3cCc0S+stw8="
    },
    "ee-first": {
      "version": "1.1.1",
      "resolved": "https://repo.ekuaibao.com/repository/npm-group/ee-first/-/ee-first-1.1.1.tgz",
      "integrity": "sha1-WQxhFWsK4vTwJVcyoViyZrxWsh0="
    },
    "error-inject": {
      "version": "1.0.0",
      "resolved": "https://repo.ekuaibao.com/repository/npm-group/error-inject/-/error-inject-1.0.0.tgz",
      "integrity": "sha1-4rPZG1Su1nLzCdlQ0VSFD6EdTzc="
    },
    "escape-html": {
      "version": "1.0.3",
      "resolved": "https://repo.ekuaibao.com/repository/npm-group/escape-html/-/escape-html-1.0.3.tgz",
      "integrity": "sha1-Aljq5NPQwJdN4cFpGI7wBR0dGYg="
    },
    "exit-on-epipe": {
      "version": "1.0.1",
      "resolved": "https://repo.ekuaibao.com/repository/npm-group/exit-on-epipe/-/exit-on-epipe-1.0.1.tgz",
      "integrity": "sha512-h2z5mrROTxce56S+pnvAV890uu7ls7f1kEvVGJbw1OlFH3/mlJ5bkXu0KRyW94v37zzHPiUd55iLn3DA7TjWpw=="
    },
    "formidable": {
      "version": "1.2.1",
      "resolved": "https://repo.ekuaibao.com/repository/npm-group/formidable/-/formidable-1.2.1.tgz",
      "integrity": "sha512-Fs9VRguL0gqGHkXS5GQiMCr1VhZBxz0JnJs4JmMp/2jL18Fmbzvv7vOFRU+U8TBkHEE/CX1qDXzJplVULgsLeg=="
    },
    "frac": {
      "version": "1.1.2",
      "resolved": "https://repo.ekuaibao.com/repository/npm-group/frac/-/frac-1.1.2.tgz",
      "integrity": "sha512-w/XBfkibaTl3YDqASwfDUqkna4Z2p9cFSr1aHDt0WoMTECnRfBOv2WArlZILlqgWlmdIlALXGpM2AOhEk5W3IA=="
    },
    "fresh": {
      "version": "0.5.2",
      "resolved": "https://repo.ekuaibao.com/repository/npm-group/fresh/-/fresh-0.5.2.tgz",
      "integrity": "sha1-PYyt2Q2XZWn6g1qx+OSyOhBWBac="
    },
    "http-assert": {
      "version": "1.3.0",
      "resolved": "https://repo.ekuaibao.com/repository/npm-group/http-assert/-/http-assert-1.3.0.tgz",
      "integrity": "sha1-oxpc+IyHPsu1eWkH1NbxMujAHko="
    },
    "http-errors": {
      "version": "1.6.3",
      "resolved": "https://repo.ekuaibao.com/repository/npm-group/http-errors/-/http-errors-1.6.3.tgz",
      "integrity": "sha1-i1VoC7S+KDoLW/TqLjhYC+HZMg0="
    },
    "iconv-lite": {
      "version": "0.4.23",
      "resolved": "https://repo.ekuaibao.com/repository/npm-group/iconv-lite/-/iconv-lite-0.4.23.tgz",
      "integrity": "sha512-neyTUVFtahjf0mB3dZT77u+8O0QB89jFdnBkd5P1JgYPbPaia3gXXOVL2fq8VyU2gMMD7SaN7QukTB/pmXYvDA=="
    },
    "inflation": {
      "version": "2.0.0",
      "resolved": "https://repo.ekuaibao.com/repository/npm-group/inflation/-/inflation-2.0.0.tgz",
      "integrity": "sha1-i0F+R8KPklpFEz2RTKH9OJEH8w8="
    },
    "inherits": {
      "version": "2.0.3",
      "resolved": "https://repo.ekuaibao.com/repository/npm-group/inherits/-/inherits-2.0.3.tgz",
      "integrity": "sha1-Yzwsg+PaQqUC9SRmAiSA9CCCYd4="
    },
    "is-generator-function": {
      "version": "1.0.7",
      "resolved": "https://repo.ekuaibao.com/repository/npm-group/is-generator-function/-/is-generator-function-1.0.7.tgz",
      "integrity": "sha512-YZc5EwyO4f2kWCax7oegfuSr9mFz1ZvieNYBEjmukLxgXfBUbxAWGVF7GZf0zidYtoBl3WvC07YK0wT76a+Rtw=="
    },
    "isarray": {
      "version": "0.0.1",
      "resolved": "https://repo.ekuaibao.com/repository/npm-group/isarray/-/isarray-0.0.1.tgz",
      "integrity": "sha1-ihis/Kmo9Bd+Cav8YDiTmwXR7t8="
    },
    "keygrip": {
      "version": "1.0.2",
      "resolved": "https://repo.ekuaibao.com/repository/npm-group/keygrip/-/keygrip-1.0.2.tgz",
      "integrity": "sha1-rTKXxVcGneqLz+ek+kkbdcXd65E="
    },
    "koa": {
      "version": "2.5.1",
      "resolved": "https://repo.ekuaibao.com/repository/npm-group/koa/-/koa-2.5.1.tgz",
      "integrity": "sha512-cchwbMeG2dv3E2xTAmheDAuvR53tPgJZN/Hf1h7bTzJLSPcFZp8/t5+bNKJ6GaQZoydhZQ+1GNruhKdj3lIrug=="
    },
    "koa-body": {
      "version": "4.0.1",
      "resolved": "https://repo.ekuaibao.com/repository/npm-group/koa-body/-/koa-body-4.0.1.tgz",
      "integrity": "sha512-gAo+nS06tvszDzLHl92PXaheIi5KDg9hiT/zI7jSTmoPF/0h9q2shzSsMRKkBovJi7Kqm28LmhFhTwDoyt93DA==",
      "dependencies": {
        "co-body": {
          "version": "5.2.0",
          "resolved": "https://repo.ekuaibao.com/repository/npm-group/co-body/-/co-body-5.2.0.tgz",
          "integrity": "sha512-sX/LQ7LqUhgyaxzbe7IqwPeTr2yfpfUIQ/dgpKo6ZI4y4lpQA0YxAomWIY+7I7rHWcG02PG+OuPREzMW/5tszQ=="
        }
      }
    },
    "koa-bodyparser": {
      "version": "4.2.1",
      "resolved": "https://repo.ekuaibao.com/repository/npm-group/koa-bodyparser/-/koa-bodyparser-4.2.1.tgz",
      "integrity": "sha512-UIjPAlMZfNYDDe+4zBaOAUKYqkwAGcIU6r2ARf1UOXPAlfennQys5IiShaVeNf7KkVBlf88f2LeLvBFvKylttw=="
    },
    "koa-compose": {
      "version": "4.1.0",
      "resolved": "https://repo.ekuaibao.com/repository/npm-group/koa-compose/-/koa-compose-4.1.0.tgz",
      "integrity": "sha512-8ODW8TrDuMYvXRwra/Kh7/rJo9BtOfPc6qO8eAfC80CnCvSjSl0bkRM24X6/XBBEyj0v1nRUQ1LyOy3dbqOWXw=="
    },
    "koa-convert": {
      "version": "1.2.0",
      "resolved": "https://repo.ekuaibao.com/repository/npm-group/koa-convert/-/koa-convert-1.2.0.tgz",
      "integrity": "sha1-2kCHXfSd4FOQmNFwC1CCDOvNIdA=",
      "dependencies": {
        "koa-compose": {
          "version": "3.2.1",
          "resolved": "https://repo.ekuaibao.com/repository/npm-group/koa-compose/-/koa-compose-3.2.1.tgz",
          "integrity": "sha1-qFzLQLfZhtjlo0Wzoazo6rz1Tec="
        }
      }
    },
    "koa-is-json": {
      "version": "1.0.0",
      "resolved": "https://repo.ekuaibao.com/repository/npm-group/koa-is-json/-/koa-is-json-1.0.0.tgz",
      "integrity": "sha1-JzwH7c3Ljfaiwat9We52SRRR7BQ="
    },
    "koa-multer": {
      "version": "1.0.2",
      "resolved": "https://repo.ekuaibao.com/repository/npm-group/koa-multer/-/koa-multer-1.0.2.tgz",
      "integrity": "sha512-0kFzN4atVd+9oiG+4fYxQ9S2T3dPhKNvmhITIY606Qn9wLEmfhW0DhSpOzRYhddN//4rh/TCK95TMtflmFa5lA=="
    },
    "koa-router": {
      "version": "7.4.0",
      "resolved": "https://repo.ekuaibao.com/repository/npm-group/koa-router/-/koa-router-7.4.0.tgz",
      "integrity": "sha512-IWhaDXeAnfDBEpWS6hkGdZ1ablgr6Q6pGdXCyK38RbzuH4LkUOpPqPw+3f8l8aTDrQmBQ7xJc0bs2yV4dzcO+g==",
      "dependencies": {
        "koa-compose": {
          "version": "3.2.1",
          "resolved": "https://repo.ekuaibao.com/repository/npm-group/koa-compose/-/koa-compose-3.2.1.tgz",
          "integrity": "sha1-qFzLQLfZhtjlo0Wzoazo6rz1Tec="
        }
      }
    },
    "media-typer": {
      "version": "0.3.0",
      "resolved": "https://repo.ekuaibao.com/repository/npm-group/media-typer/-/media-typer-0.3.0.tgz",
      "integrity": "sha1-hxDXrwqmJvj/+hzgAWhUUmMlV0g="
    },
    "methods": {
      "version": "1.1.2",
      "resolved": "https://repo.ekuaibao.com/repository/npm-group/methods/-/methods-1.1.2.tgz",
      "integrity": "sha1-VSmk1nZUE07cxSZmVoNbD4Ua/O4="
    },
    "mime-db": {
      "version": "1.33.0",
      "resolved": "https://repo.ekuaibao.com/repository/npm-group/mime-db/-/mime-db-1.33.0.tgz",
      "integrity": "sha512-BHJ/EKruNIqJf/QahvxwQZXKygOQ256myeN/Ew+THcAa5q+PjyTTMMeNQC4DZw5AwfvelsUrA6B67NKMqXDbzQ=="
    },
    "mime-types": {
      "version": "2.1.18",
      "resolved": "https://repo.ekuaibao.com/repository/npm-group/mime-types/-/mime-types-2.1.18.tgz",
      "integrity": "sha512-lc/aahn+t4/SWV/qcmumYjymLsWfN3ELhpmVuUFjgsORruuZPVSwAQryq+HHGvO/SI2KVX26bx+En+zhM8g8hQ=="
    },
    "minimist": {
      "version": "0.0.8",
      "resolved": "https://repo.ekuaibao.com/repository/npm-group/minimist/-/minimist-0.0.8.tgz",
      "integrity": "sha1-hX/Kv8M5fSYluCKCYuhqp6ARsF0="
    },
    "mkdirp": {
      "version": "0.5.1",
      "resolved": "https://repo.ekuaibao.com/repository/npm-group/mkdirp/-/mkdirp-0.5.1.tgz",
      "integrity": "sha1-MAV0OOrGz3+MR2fzhkjWaX11yQM="
    },
    "ms": {
      "version": "2.0.0",
      "resolved": "https://repo.ekuaibao.com/repository/npm-group/ms/-/ms-2.0.0.tgz",
      "integrity": "sha1-VgiurfwAvmwpAd9fmGF4jeDVl8g="
    },
    "multer": {
      "version": "1.3.0",
      "resolved": "https://repo.ekuaibao.com/repository/npm-group/multer/-/multer-1.3.0.tgz",
      "integrity": "sha1-CSsmcPaEb6SRSWXvyM+Uwg/sbNI="
    },
    "mysql": {
      "version": "2.15.0",
      "resolved": "https://repo.ekuaibao.com/repository/npm-group/mysql/-/mysql-2.15.0.tgz",
      "integrity": "sha512-C7tjzWtbN5nzkLIV+E8Crnl9bFyc7d3XJcBAvHKEVkjrYjogz3llo22q6s/hw+UcsE4/844pDob9ac+3dVjQSA==",
      "dependencies": {
        "isarray": {
          "version": "1.0.0",
          "resolved": "https://repo.ekuaibao.com/repository/npm-group/isarray/-/isarray-1.0.0.tgz",
          "integrity": "sha1-u5NdSFgsuhaMBoNJV6VKPgcSTxE="
        },
        "process-nextick-args": {
          "version": "1.0.7",
          "resolved": "https://repo.ekuaibao.com/repository/npm-group/process-nextick-args/-/process-nextick-args-1.0.7.tgz",
          "integrity": "sha1-FQ4gt1ZZCtP5EJPyWk8q2L/zC6M="
        },
        "readable-stream": {
          "version": "2.3.3",
          "resolved": "https://repo.ekuaibao.com/repository/npm-group/readable-stream/-/readable-stream-2.3.3.tgz",
          "integrity": "sha512-m+qzzcn7KUxEmd1gMbchF+Y2eIUbieUaxkWtptyHywrX0rE8QEYqPC07Vuy4Wm32/xE16NcdBctb8S0Xe/5IeQ=="
        },
        "safe-buffer": {
          "version": "5.1.1",
          "resolved": "https://repo.ekuaibao.com/repository/npm-group/safe-buffer/-/safe-buffer-5.1.1.tgz",
          "integrity": "sha512-kKvNJn6Mm93gAczWVJg7wH+wGYWNrDHdWvpUmHyEsgCtIwwo3bqPtV4tR5tuPaUhTOo/kvhVwd8XwwOllGYkbg=="
        },
        "string_decoder": {
          "version": "1.0.3",
          "resolved": "https://repo.ekuaibao.com/repository/npm-group/string_decoder/-/string_decoder-1.0.3.tgz",
          "integrity": "sha512-4AH6Z5fzNNBcH+6XDMfA/BTt87skxqJlO0lAh3Dker5zThcAxG6mKz+iGu308UKoPPQ8Dcqx/4JhujzltRa+hQ=="
        }
      }
    },
    "negotiator": {
      "version": "0.6.1",
      "resolved": "https://repo.ekuaibao.com/repository/npm-group/negotiator/-/negotiator-0.6.1.tgz",
      "integrity": "sha1-KzJxhOiZIQEXeyhWP7XnECrNDKk="
    },
    "node-xlsx": {
      "version": "0.12.0",
      "resolved": "https://repo.ekuaibao.com/repository/npm-group/node-xlsx/-/node-xlsx-0.12.0.tgz",
      "integrity": "sha512-Tkxs1EYdpM8+JFT0h+XarihWLEQPe3ZsUAxA//dBxjslVN9vz0hjrErRt//c2i6aD+xZ2HVur0lvzkw25B0uPw==",
      "dependencies": {
        "xlsx": {
          "version": "0.12.13",
          "resolved": "https://repo.ekuaibao.com/repository/npm-group/xlsx/-/xlsx-0.12.13.tgz",
          "integrity": "sha512-9/2H4PLphmG8sDvI3mfWb6JIFqbvK8IRGhgS55Pw5F+fmKPuzdv4OW9RFjrH5PiTKeqB/883Z8o+jW3JrDahmw=="
        }
      }
    },
    "object-assign": {
      "version": "3.0.0",
      "resolved": "https://repo.ekuaibao.com/repository/npm-group/object-assign/-/object-assign-3.0.0.tgz",
      "integrity": "sha1-m+3VygiXlJvKR+f/QIBi1Un1h/I="
    },
    "on-finished": {
      "version": "2.3.0",
      "resolved": "https://repo.ekuaibao.com/repository/npm-group/on-finished/-/on-finished-2.3.0.tgz",
      "integrity": "sha1-IPEzZIGwg811M3mSoWlxqi2QaUc="
    },
    "only": {
      "version": "0.0.2",
      "resolved": "https://repo.ekuaibao.com/repository/npm-group/only/-/only-0.0.2.tgz",
      "integrity": "sha1-Kv3oTQPlC5qO3EROMGEKcCle37Q="
    },
    "parseurl": {
      "version": "1.3.2",
      "resolved": "https://repo.ekuaibao.com/repository/npm-group/parseurl/-/parseurl-1.3.2.tgz",
      "integrity": "sha1-/CidTtiZMRlGDBViUyYs3I3mW/M="
    },
    "path-to-regexp": {
      "version": "1.7.0",
      "resolved": "https://repo.ekuaibao.com/repository/npm-group/path-to-regexp/-/path-to-regexp-1.7.0.tgz",
      "integrity": "sha1-Wf3g9DW62suhA6hOnTvGTpa5k30="
    },
    "printj": {
      "version": "1.1.2",
      "resolved": "https://repo.ekuaibao.com/repository/npm-group/printj/-/printj-1.1.2.tgz",
      "integrity": "sha512-zA2SmoLaxZyArQTOPj5LXecR+RagfPSU5Kw1qP+jkWeNlrq+eJZyY2oS68SU1Z/7/myXM4lo9716laOFAVStCQ=="
    },
    "process-nextick-args": {
      "version": "2.0.0",
      "resolved": "https://repo.ekuaibao.com/repository/npm-group/process-nextick-args/-/process-nextick-args-2.0.0.tgz",
      "integrity": "sha512-MtEC1TqN0EU5nephaJ4rAtThHtC86dNN9qCuEhtshvpVBkAW5ZO7BASN9REnF9eoXGcRub+pFuKEpOHE+HbEMw=="
    },
    "qs": {
      "version": "6.5.2",
      "resolved": "https://repo.ekuaibao.com/repository/npm-group/qs/-/qs-6.5.2.tgz",
      "integrity": "sha512-N5ZAX4/LxJmF+7wN74pUD6qAh9/wnvdQcjq9TZjevvXzSUo7bfmw91saqMjzGS2xq91/odN2dW/WOl7qQHNDGA=="
    },
    "raw-body": {
      "version": "2.3.3",
      "resolved": "https://repo.ekuaibao.com/repository/npm-group/raw-body/-/raw-body-2.3.3.tgz",
      "integrity": "sha512-9esiElv1BrZoI3rCDuOuKCBRbuApGGaDPQfjSflGxdy4oyzqghxu6klEkkVIvBje+FF0BX9coEv8KqW6X/7njw=="
    },
    "readable-stream": {
      "version": "1.1.14",
      "resolved": "https://repo.ekuaibao.com/repository/npm-group/readable-stream/-/readable-stream-1.1.14.tgz",
      "integrity": "sha1-fPTFTvZI44EwhMY23SB54WbAgdk="
    },
    "safe-buffer": {
      "version": "5.1.2",
      "resolved": "https://repo.ekuaibao.com/repository/npm-group/safe-buffer/-/safe-buffer-5.1.2.tgz",
      "integrity": "sha512-Gd2UZBJDkXlY7GbJxfsE8/nvKkUEU1G38c1siN6QP6a9PT9MmHB8GnpscSmMJSoF8LOIrt8ud/wPtojys4G6+g=="
    },
    "safer-buffer": {
      "version": "2.1.2",
      "resolved": "https://repo.ekuaibao.com/repository/npm-group/safer-buffer/-/safer-buffer-2.1.2.tgz",
      "integrity": "sha512-YZo3K82SD7Riyi0E1EQPojLz7kpepnSQI9IyPbHHg1XXXevb5dJI7tpyN2ADxGcQbHG7vcyRHk0cbwqcQriUtg=="
    },
    "setprototypeof": {
      "version": "1.1.0",
      "resolved": "https://repo.ekuaibao.com/repository/npm-group/setprototypeof/-/setprototypeof-1.1.0.tgz",
      "integrity": "sha512-BvE/TwpZX4FXExxOxZyRGQQv651MSwmWKZGqvmPcRIjDqWub67kTKuIMx43cZZrS/cBBzwBcNDWoFxt2XEFIpQ=="
    },
    "sqlstring": {
      "version": "2.3.0",
      "resolved": "https://repo.ekuaibao.com/repository/npm-group/sqlstring/-/sqlstring-2.3.0.tgz",
      "integrity": "sha1-UluKT9Jtb3GqYegipsr5dtMa0qg="
    },
    "ssf": {
      "version": "0.10.2",
      "resolved": "https://repo.ekuaibao.com/repository/npm-group/ssf/-/ssf-0.10.2.tgz",
      "integrity": "sha512-rDhAPm9WyIsY8eZEKyE8Qsotb3j/wBdvMWBUsOhJdfhKGLfQidRjiBUV0y/MkyCLiXQ38FG6LWW/VYUtqlIDZQ=="
    },
    "statuses": {
      "version": "1.5.0",
      "resolved": "https://repo.ekuaibao.com/repository/npm-group/statuses/-/statuses-1.5.0.tgz",
      "integrity": "sha1-Fhx9rBd2Wf2YEfQ3cfqZOBR4Yow="
    },
    "streamsearch": {
      "version": "0.1.2",
      "resolved": "https://repo.ekuaibao.com/repository/npm-group/streamsearch/-/streamsearch-0.1.2.tgz",
      "integrity": "sha1-gIudDlb8Jz2Am6VzOOkpkZoanxo="
    },
    "string_decoder": {
      "version": "0.10.31",
      "resolved": "https://repo.ekuaibao.com/repository/npm-group/string_decoder/-/string_decoder-0.10.31.tgz",
      "integrity": "sha1-YuIDvEF2bGwoyfyEMB2rHFMQ+pQ="
    },
    "type-is": {
      "version": "1.6.16",
      "resolved": "https://repo.ekuaibao.com/repository/npm-group/type-is/-/type-is-1.6.16.tgz",
      "integrity": "sha512-HRkVv/5qY2G6I8iab9cI7v1bOIdhm94dVjQCPFElW9W+3GeDOSHmy2EBYe4VTApuzolPcmgFTN3ftVJRKR2J9Q=="
    },
    "typedarray": {
      "version": "0.0.6",
      "resolved": "https://repo.ekuaibao.com/repository/npm-group/typedarray/-/typedarray-0.0.6.tgz",
      "integrity": "sha1-hnrHTjhkGHsdPUfZlqeOxciDB3c="
    },
    "unpipe": {
      "version": "1.0.0",
      "resolved": "https://repo.ekuaibao.com/repository/npm-group/unpipe/-/unpipe-1.0.0.tgz",
      "integrity": "sha1-sr9O6FFKrmFltIF4KdIbLvSZBOw="
    },
    "urijs": {
      "version": "1.19.1",
      "resolved": "https://repo.ekuaibao.com/repository/npm-group/urijs/-/urijs-1.19.1.tgz",
      "integrity": "sha512-xVrGVi94ueCJNrBSTjWqjvtgvl3cyOTThp2zaMaFNGp3F542TR6sM3f2o8RqZl+AwteClSVmoCyt0ka4RjQOQg=="
    },
    "util-deprecate": {
      "version": "1.0.2",
      "resolved": "https://repo.ekuaibao.com/repository/npm-group/util-deprecate/-/util-deprecate-1.0.2.tgz",
      "integrity": "sha1-RQ1Nyfpw3nMnYvvS1KKJgUGaDM8="
    },
    "vary": {
      "version": "1.1.2",
      "resolved": "https://repo.ekuaibao.com/repository/npm-group/vary/-/vary-1.1.2.tgz",
      "integrity": "sha1-IpnwLG3tMNSllhsLn3RSShj2NPw="
    },
    "xlsx": {
      "version": "0.13.0",
      "resolved": "https://repo.ekuaibao.com/repository/npm-group/xlsx/-/xlsx-0.13.0.tgz",
      "integrity": "sha512-TD2NM86NaxshpggGaN5RwU+lyVbg70a/P67L9P7xScvZPVO/MNPwdqOY5hMWAPZUnWZ9NZwFGi1yn35nLCedPw=="
    },
    "xtend": {
      "version": "4.0.1",
      "resolved": "https://repo.ekuaibao.com/repository/npm-group/xtend/-/xtend-4.0.1.tgz",
      "integrity": "sha1-pcbVMr5lbiPbgg77lDofBJmNY68="
    }
  }
}
